{
  "name": "template",
  "version": "0.1.0",
  "lockfileVersion": 1,
  "requires": true,
  "dependencies": {
    "dalkak": {
      "version": "0.7.8",
      "resolved": "https://registry.npmjs.org/dalkak/-/dalkak-0.7.8.tgz",
      "integrity": "sha512-XRnRoxlvrEG7h0SmAvZ2+Z1FWfLBRWEl7QCTKV15zaH6XfBYr80+Q4wFoGNqlh6SAloAbh5xfLQrB7XlECa9Qg=="
    }
  }
}
